
Microsoft Visual Studio Solution File, Format Version 12.00
# Visual Studio Version 17
VisualStudioVersion = 17.4.33213.308
MinimumVisualStudioVersion = 10.0.40219.1
Project("{FAE04EC0-301F-11D3-BF4B-00C04F79EFBC}") = "ConsoleApp.Homework13", "ConsoleApp.Homework13\ConsoleApp.Homework13.csproj", "{2D5C18E6-447E-4AC2-A844-28C71F53500D}"
EndProject
Global
	GlobalSection(SolutionConfigurationPlatforms) = preSolution
		Debug|Any CPU = Debug|Any CPU
		Release|Any CPU = Release|Any CPU
	EndGlobalSection
	GlobalSection(ProjectConfigurationPlatforms) = postSolution
		{2D5C18E6-447E-4AC2-A844-28C71F53500D}.Debug|Any CPU.ActiveCfg = Debug|Any CPU
		{2D5C18E6-447E-4AC2-A844-28C71F53500D}.Debug|Any CPU.Build.0 = Debug|Any CPU
		{2D5C18E6-447E-4AC2-A844-28C71F53500D}.Release|Any CPU.ActiveCfg = Release|Any CPU
		{2D5C18E6-447E-4AC2-A844-28C71F53500D}.Release|Any CPU.Build.0 = Release|Any CPU
	EndGlobalSection
	GlobalSection(SolutionProperties) = preSolution
		HideSolutionNode = FALSE
	EndGlobalSection
	GlobalSection(ExtensibilityGlobals) = postSolution
		SolutionGuid = {E5148451-984D-4C02-BB61-08870D9D2334}
	EndGlobalSection
EndGlobal
