
Microsoft Visual Studio Solution File, Format Version 12.00
# Visual Studio Version 17
VisualStudioVersion = 17.4.33213.308
MinimumVisualStudioVersion = 10.0.40219.1
Project("{FAE04EC0-301F-11D3-BF4B-00C04F79EFBC}") = "ConsoleApp.HomeWork4", "ConsoleApp.HomeWork4\ConsoleApp.HomeWork4.csproj", "{1E188CCD-20BE-4696-900D-21727001AEAE}"
EndProject
Project("{FAE04EC0-301F-11D3-BF4B-00C04F79EFBC}") = "ClassLibrary.HomeWork4", "ClassLibrary.HomeWork4\ClassLibrary.HomeWork4.csproj", "{F8921487-25ED-4FC5-A9C4-D90757E0B574}"
EndProject
Global
	GlobalSection(SolutionConfigurationPlatforms) = preSolution
		Debug|Any CPU = Debug|Any CPU
		Release|Any CPU = Release|Any CPU
	EndGlobalSection
	GlobalSection(ProjectConfigurationPlatforms) = postSolution
		{1E188CCD-20BE-4696-900D-21727001AEAE}.Debug|Any CPU.ActiveCfg = Debug|Any CPU
		{1E188CCD-20BE-4696-900D-21727001AEAE}.Debug|Any CPU.Build.0 = Debug|Any CPU
		{1E188CCD-20BE-4696-900D-21727001AEAE}.Release|Any CPU.ActiveCfg = Release|Any CPU
		{1E188CCD-20BE-4696-900D-21727001AEAE}.Release|Any CPU.Build.0 = Release|Any CPU
		{F8921487-25ED-4FC5-A9C4-D90757E0B574}.Debug|Any CPU.ActiveCfg = Debug|Any CPU
		{F8921487-25ED-4FC5-A9C4-D90757E0B574}.Debug|Any CPU.Build.0 = Debug|Any CPU
		{F8921487-25ED-4FC5-A9C4-D90757E0B574}.Release|Any CPU.ActiveCfg = Release|Any CPU
		{F8921487-25ED-4FC5-A9C4-D90757E0B574}.Release|Any CPU.Build.0 = Release|Any CPU
	EndGlobalSection
	GlobalSection(SolutionProperties) = preSolution
		HideSolutionNode = FALSE
	EndGlobalSection
	GlobalSection(ExtensibilityGlobals) = postSolution
		SolutionGuid = {AF9C268D-A430-4BF0-BF5E-06CB541F3E5B}
	EndGlobalSection
EndGlobal
