
Microsoft Visual Studio Solution File, Format Version 12.00
# Visual Studio Version 17
VisualStudioVersion = 17.4.33213.308
MinimumVisualStudioVersion = 10.0.40219.1
Project("{FAE04EC0-301F-11D3-BF4B-00C04F79EFBC}") = "ConsoleApp.Homework15", "ConsoleApp.Homework15\ConsoleApp.Homework15.csproj", "{CEBAF1CA-FA98-449B-826F-F1BB82985657}"
EndProject
Project("{FAE04EC0-301F-11D3-BF4B-00C04F79EFBC}") = "ClassLibrary.Homework15", "ClassLibrary.Homework15\ClassLibrary.Homework15.csproj", "{C6C1645E-6336-49AC-810E-FE4102315FC8}"
EndProject
Global
	GlobalSection(SolutionConfigurationPlatforms) = preSolution
		Debug|Any CPU = Debug|Any CPU
		Release|Any CPU = Release|Any CPU
	EndGlobalSection
	GlobalSection(ProjectConfigurationPlatforms) = postSolution
		{CEBAF1CA-FA98-449B-826F-F1BB82985657}.Debug|Any CPU.ActiveCfg = Debug|Any CPU
		{CEBAF1CA-FA98-449B-826F-F1BB82985657}.Debug|Any CPU.Build.0 = Debug|Any CPU
		{CEBAF1CA-FA98-449B-826F-F1BB82985657}.Release|Any CPU.ActiveCfg = Release|Any CPU
		{CEBAF1CA-FA98-449B-826F-F1BB82985657}.Release|Any CPU.Build.0 = Release|Any CPU
		{C6C1645E-6336-49AC-810E-FE4102315FC8}.Debug|Any CPU.ActiveCfg = Debug|Any CPU
		{C6C1645E-6336-49AC-810E-FE4102315FC8}.Debug|Any CPU.Build.0 = Debug|Any CPU
		{C6C1645E-6336-49AC-810E-FE4102315FC8}.Release|Any CPU.ActiveCfg = Release|Any CPU
		{C6C1645E-6336-49AC-810E-FE4102315FC8}.Release|Any CPU.Build.0 = Release|Any CPU
	EndGlobalSection
	GlobalSection(SolutionProperties) = preSolution
		HideSolutionNode = FALSE
	EndGlobalSection
	GlobalSection(ExtensibilityGlobals) = postSolution
		SolutionGuid = {AA57544E-D1E7-4E1F-96FA-E781BC857669}
	EndGlobalSection
EndGlobal
