
Microsoft Visual Studio Solution File, Format Version 12.00
# Visual Studio Version 17
VisualStudioVersion = 17.4.33213.308
MinimumVisualStudioVersion = 10.0.40219.1
Project("{FAE04EC0-301F-11D3-BF4B-00C04F79EFBC}") = "Session19", "Session19\Session19.csproj", "{F317FF1F-0462-4FCC-B2CB-236A3360FAE9}"
EndProject
Project("{FAE04EC0-301F-11D3-BF4B-00C04F79EFBC}") = "Session19.DAL", "Session19.DAL\Session19.DAL.csproj", "{144CAD54-8343-4EED-94DD-2F3875F49C83}"
EndProject
Project("{FAE04EC0-301F-11D3-BF4B-00C04F79EFBC}") = "Session19.BLL", "Session19.BLL\Session19.BLL.csproj", "{1C7ACC31-AC54-4CD1-B810-D0CE768D5C1D}"
EndProject
Global
	GlobalSection(SolutionConfigurationPlatforms) = preSolution
		Debug|Any CPU = Debug|Any CPU
		Release|Any CPU = Release|Any CPU
	EndGlobalSection
	GlobalSection(ProjectConfigurationPlatforms) = postSolution
		{F317FF1F-0462-4FCC-B2CB-236A3360FAE9}.Debug|Any CPU.ActiveCfg = Debug|Any CPU
		{F317FF1F-0462-4FCC-B2CB-236A3360FAE9}.Debug|Any CPU.Build.0 = Debug|Any CPU
		{F317FF1F-0462-4FCC-B2CB-236A3360FAE9}.Release|Any CPU.ActiveCfg = Release|Any CPU
		{F317FF1F-0462-4FCC-B2CB-236A3360FAE9}.Release|Any CPU.Build.0 = Release|Any CPU
		{144CAD54-8343-4EED-94DD-2F3875F49C83}.Debug|Any CPU.ActiveCfg = Debug|Any CPU
		{144CAD54-8343-4EED-94DD-2F3875F49C83}.Debug|Any CPU.Build.0 = Debug|Any CPU
		{144CAD54-8343-4EED-94DD-2F3875F49C83}.Release|Any CPU.ActiveCfg = Release|Any CPU
		{144CAD54-8343-4EED-94DD-2F3875F49C83}.Release|Any CPU.Build.0 = Release|Any CPU
		{1C7ACC31-AC54-4CD1-B810-D0CE768D5C1D}.Debug|Any CPU.ActiveCfg = Debug|Any CPU
		{1C7ACC31-AC54-4CD1-B810-D0CE768D5C1D}.Debug|Any CPU.Build.0 = Debug|Any CPU
		{1C7ACC31-AC54-4CD1-B810-D0CE768D5C1D}.Release|Any CPU.ActiveCfg = Release|Any CPU
		{1C7ACC31-AC54-4CD1-B810-D0CE768D5C1D}.Release|Any CPU.Build.0 = Release|Any CPU
	EndGlobalSection
	GlobalSection(SolutionProperties) = preSolution
		HideSolutionNode = FALSE
	EndGlobalSection
	GlobalSection(ExtensibilityGlobals) = postSolution
		SolutionGuid = {125E2D9F-1297-452D-8BEE-EC521C5907A5}
	EndGlobalSection
EndGlobal
