
Microsoft Visual Studio Solution File, Format Version 12.00
# Visual Studio Version 17
VisualStudioVersion = 17.4.33213.308
MinimumVisualStudioVersion = 10.0.40219.1
Project("{FAE04EC0-301F-11D3-BF4B-00C04F79EFBC}") = "ConsoleApp.Homework12", "ConsoleApp.Homework12\ConsoleApp.Homework12.csproj", "{4D5915CC-49DD-497D-B521-72D6F06E2DAA}"
EndProject
Project("{FAE04EC0-301F-11D3-BF4B-00C04F79EFBC}") = "ClassLibrary.Homework12", "ClassLibrary.Homework12\ClassLibrary.Homework12.csproj", "{A759268F-8EC9-4ED1-89E4-4FDFCF7971C7}"
EndProject
Global
	GlobalSection(SolutionConfigurationPlatforms) = preSolution
		Debug|Any CPU = Debug|Any CPU
		Release|Any CPU = Release|Any CPU
	EndGlobalSection
	GlobalSection(ProjectConfigurationPlatforms) = postSolution
		{4D5915CC-49DD-497D-B521-72D6F06E2DAA}.Debug|Any CPU.ActiveCfg = Debug|Any CPU
		{4D5915CC-49DD-497D-B521-72D6F06E2DAA}.Debug|Any CPU.Build.0 = Debug|Any CPU
		{4D5915CC-49DD-497D-B521-72D6F06E2DAA}.Release|Any CPU.ActiveCfg = Release|Any CPU
		{4D5915CC-49DD-497D-B521-72D6F06E2DAA}.Release|Any CPU.Build.0 = Release|Any CPU
		{A759268F-8EC9-4ED1-89E4-4FDFCF7971C7}.Debug|Any CPU.ActiveCfg = Debug|Any CPU
		{A759268F-8EC9-4ED1-89E4-4FDFCF7971C7}.Debug|Any CPU.Build.0 = Debug|Any CPU
		{A759268F-8EC9-4ED1-89E4-4FDFCF7971C7}.Release|Any CPU.ActiveCfg = Release|Any CPU
		{A759268F-8EC9-4ED1-89E4-4FDFCF7971C7}.Release|Any CPU.Build.0 = Release|Any CPU
	EndGlobalSection
	GlobalSection(SolutionProperties) = preSolution
		HideSolutionNode = FALSE
	EndGlobalSection
	GlobalSection(ExtensibilityGlobals) = postSolution
		SolutionGuid = {3B1E641F-D599-4B0B-B103-6F0B704A7876}
	EndGlobalSection
EndGlobal
