
Microsoft Visual Studio Solution File, Format Version 12.00
# Visual Studio Version 17
VisualStudioVersion = 17.4.33213.308
MinimumVisualStudioVersion = 10.0.40219.1
Project("{FAE04EC0-301F-11D3-BF4B-00C04F79EFBC}") = "ConsoleApp.Practise6", "ConsoleApp.Practise6\ConsoleApp.Practise6.csproj", "{44B9266B-6C20-48FD-9039-FE3C43771BAC}"
EndProject
Global
	GlobalSection(SolutionConfigurationPlatforms) = preSolution
		Debug|Any CPU = Debug|Any CPU
		Release|Any CPU = Release|Any CPU
	EndGlobalSection
	GlobalSection(ProjectConfigurationPlatforms) = postSolution
		{44B9266B-6C20-48FD-9039-FE3C43771BAC}.Debug|Any CPU.ActiveCfg = Debug|Any CPU
		{44B9266B-6C20-48FD-9039-FE3C43771BAC}.Debug|Any CPU.Build.0 = Debug|Any CPU
		{44B9266B-6C20-48FD-9039-FE3C43771BAC}.Release|Any CPU.ActiveCfg = Release|Any CPU
		{44B9266B-6C20-48FD-9039-FE3C43771BAC}.Release|Any CPU.Build.0 = Release|Any CPU
	EndGlobalSection
	GlobalSection(SolutionProperties) = preSolution
		HideSolutionNode = FALSE
	EndGlobalSection
	GlobalSection(ExtensibilityGlobals) = postSolution
		SolutionGuid = {1F2424AA-98DA-4EB0-B60C-EF4F0147FD65}
	EndGlobalSection
EndGlobal
