
Microsoft Visual Studio Solution File, Format Version 12.00
# Visual Studio Version 17
VisualStudioVersion = 17.4.33213.308
MinimumVisualStudioVersion = 10.0.40219.1
Project("{FAE04EC0-301F-11D3-BF4B-00C04F79EFBC}") = "ConsoleApp.Homework3", "ConsoleApp.Homework3\ConsoleApp.Homework3.csproj", "{77DC64D2-2B68-4FF8-B48F-F2CC2233795E}"
EndProject
Global
	GlobalSection(SolutionConfigurationPlatforms) = preSolution
		Debug|Any CPU = Debug|Any CPU
		Release|Any CPU = Release|Any CPU
	EndGlobalSection
	GlobalSection(ProjectConfigurationPlatforms) = postSolution
		{77DC64D2-2B68-4FF8-B48F-F2CC2233795E}.Debug|Any CPU.ActiveCfg = Debug|Any CPU
		{77DC64D2-2B68-4FF8-B48F-F2CC2233795E}.Debug|Any CPU.Build.0 = Debug|Any CPU
		{77DC64D2-2B68-4FF8-B48F-F2CC2233795E}.Release|Any CPU.ActiveCfg = Release|Any CPU
		{77DC64D2-2B68-4FF8-B48F-F2CC2233795E}.Release|Any CPU.Build.0 = Release|Any CPU
	EndGlobalSection
	GlobalSection(SolutionProperties) = preSolution
		HideSolutionNode = FALSE
	EndGlobalSection
	GlobalSection(ExtensibilityGlobals) = postSolution
		SolutionGuid = {547C6209-E4AF-4514-99DC-A51DCD7C4849}
	EndGlobalSection
EndGlobal
